{
  "pins" : [
    {
      "identity" : "gdterminalcolor",
      "kind" : "remoteSourceControl",
      "location" : "https://github.com/genedelisa/GDTerminalColor.git",
      "state" : {
        "revision" : "f33aa24e0bf647b5c000fa2e9a3b9390eecbb325",
        "version" : "0.1.23"
      }
    },
    {
      "identity" : "swift-argument-parser",
      "kind" : "remoteSourceControl",
      "location" : "https://github.com/apple/swift-argument-parser.git",
      "state" : {
        "revision" : "df9ee6676cd5b3bf5b330ec7568a5644f547201b",
        "version" : "1.1.3"
      }
    },
    {
      "identity" : "swift-docc-plugin",
      "kind" : "remoteSourceControl",
      "location" : "https://github.com/apple/swift-docc-plugin",
      "state" : {
        "revision" : "3303b164430d9a7055ba484c8ead67a52f7b74f6",
        "version" : "1.0.0"
      }
    }
  ],
  "version" : 2
}
